
Microsoft Visual Studio Solution File, Format Version 12.00
# Visual Studio Version 17
VisualStudioVersion = 17.6.33723.286
MinimumVisualStudioVersion = 10.0.40219.1
Project("{FAE04EC0-301F-11D3-BF4B-00C04F79EFBC}") = "ExcelReaderLibraryFW", "ExcelReaderLibraryFW\ExcelReaderLibraryFW.csproj", "{3AEA5F7F-EDE7-4524-94F9-023EE1BC4A8B}"
EndProject
Project("{FAE04EC0-301F-11D3-BF4B-00C04F79EFBC}") = "ExcelReaderTestConsole", "ExcelReaderTestConsole\ExcelReaderTestConsole.csproj", "{65C0F7F5-B264-40F9-9A5D-3A9E82225AB6}"
EndProject
Global
	GlobalSection(SolutionConfigurationPlatforms) = preSolution
		Debug|Any CPU = Debug|Any CPU
		Release|Any CPU = Release|Any CPU
	EndGlobalSection
	GlobalSection(ProjectConfigurationPlatforms) = postSolution
		{3AEA5F7F-EDE7-4524-94F9-023EE1BC4A8B}.Debug|Any CPU.ActiveCfg = Debug|Any CPU
		{3AEA5F7F-EDE7-4524-94F9-023EE1BC4A8B}.Debug|Any CPU.Build.0 = Debug|Any CPU
		{3AEA5F7F-EDE7-4524-94F9-023EE1BC4A8B}.Release|Any CPU.ActiveCfg = Release|Any CPU
		{3AEA5F7F-EDE7-4524-94F9-023EE1BC4A8B}.Release|Any CPU.Build.0 = Release|Any CPU
		{65C0F7F5-B264-40F9-9A5D-3A9E82225AB6}.Debug|Any CPU.ActiveCfg = Debug|Any CPU
		{65C0F7F5-B264-40F9-9A5D-3A9E82225AB6}.Debug|Any CPU.Build.0 = Debug|Any CPU
		{65C0F7F5-B264-40F9-9A5D-3A9E82225AB6}.Release|Any CPU.ActiveCfg = Release|Any CPU
		{65C0F7F5-B264-40F9-9A5D-3A9E82225AB6}.Release|Any CPU.Build.0 = Release|Any CPU
	EndGlobalSection
	GlobalSection(SolutionProperties) = preSolution
		HideSolutionNode = FALSE
	EndGlobalSection
	GlobalSection(ExtensibilityGlobals) = postSolution
		SolutionGuid = {6AA3BACD-463E-4A23-9AFB-32A32157F82E}
	EndGlobalSection
EndGlobal
